
Microsoft Visual Studio Solution File, Format Version 12.00
# Visual Studio 15
VisualStudioVersion = 15.0.27428.2043
MinimumVisualStudioVersion = 10.0.40219.1
Project("{FAE04EC0-301F-11D3-BF4B-00C04F79EFBC}") = "Assign5_1", "Assign5_1\Assign5_1.csproj", "{1BDC144B-7C36-4823-B8E1-234A37035095}"
EndProject
Global
	GlobalSection(SolutionConfigurationPlatforms) = preSolution
		Debug|Any CPU = Debug|Any CPU
		Release|Any CPU = Release|Any CPU
	EndGlobalSection
	GlobalSection(ProjectConfigurationPlatforms) = postSolution
		{1BDC144B-7C36-4823-B8E1-234A37035095}.Debug|Any CPU.ActiveCfg = Debug|Any CPU
		{1BDC144B-7C36-4823-B8E1-234A37035095}.Debug|Any CPU.Build.0 = Debug|Any CPU
		{1BDC144B-7C36-4823-B8E1-234A37035095}.Release|Any CPU.ActiveCfg = Release|Any CPU
		{1BDC144B-7C36-4823-B8E1-234A37035095}.Release|Any CPU.Build.0 = Release|Any CPU
	EndGlobalSection
	GlobalSection(SolutionProperties) = preSolution
		HideSolutionNode = FALSE
	EndGlobalSection
	GlobalSection(ExtensibilityGlobals) = postSolution
		SolutionGuid = {377BEFAC-F9E1-4412-A8B7-5D42B748D8AD}
	EndGlobalSection
EndGlobal
