
Microsoft Visual Studio Solution File, Format Version 12.00
# Visual Studio 15
VisualStudioVersion = 15.0.27428.2043
MinimumVisualStudioVersion = 10.0.40219.1
Project("{FAE04EC0-301F-11D3-BF4B-00C04F79EFBC}") = "Lab5", "Lab5\Lab5.csproj", "{6D2DFB7D-474F-4F77-B7EF-4E9ADD22D38D}"
EndProject
Global
	GlobalSection(SolutionConfigurationPlatforms) = preSolution
		Debug|Any CPU = Debug|Any CPU
		Release|Any CPU = Release|Any CPU
	EndGlobalSection
	GlobalSection(ProjectConfigurationPlatforms) = postSolution
		{6D2DFB7D-474F-4F77-B7EF-4E9ADD22D38D}.Debug|Any CPU.ActiveCfg = Debug|Any CPU
		{6D2DFB7D-474F-4F77-B7EF-4E9ADD22D38D}.Debug|Any CPU.Build.0 = Debug|Any CPU
		{6D2DFB7D-474F-4F77-B7EF-4E9ADD22D38D}.Release|Any CPU.ActiveCfg = Release|Any CPU
		{6D2DFB7D-474F-4F77-B7EF-4E9ADD22D38D}.Release|Any CPU.Build.0 = Release|Any CPU
	EndGlobalSection
	GlobalSection(SolutionProperties) = preSolution
		HideSolutionNode = FALSE
	EndGlobalSection
	GlobalSection(ExtensibilityGlobals) = postSolution
		SolutionGuid = {4041E7F6-9E6E-46B7-8F80-7786931E6255}
	EndGlobalSection
EndGlobal
